
Microsoft Visual Studio Solution File, Format Version 12.00
# Visual Studio Version 16
VisualStudioVersion = 16.0.31321.278
MinimumVisualStudioVersion = 10.0.40219.1
Project("{FAE04EC0-301F-11D3-BF4B-00C04F79EFBC}") = "CargoDeliveryService", "CargoDeliveryService.csproj", "{6269E7FA-4421-4045-8AEA-4AC2808D7908}"
	ProjectSection(ProjectDependencies) = postProject
		{C5A1FC1B-139E-41D3-88B6-7027E9F3A981} = {C5A1FC1B-139E-41D3-88B6-7027E9F3A981}
		{0EE2063D-EBC6-454B-9FBF-26D70F1D77F7} = {0EE2063D-EBC6-454B-9FBF-26D70F1D77F7}
		{1A53C99A-EEF6-440A-897D-72C4081C67DD} = {1A53C99A-EEF6-440A-897D-72C4081C67DD}
	EndProjectSection
EndProject
Project("{FAE04EC0-301F-11D3-BF4B-00C04F79EFBC}") = "CargoForYou.Data", "..\CargoForYou.Data\CargoForYou.Data.csproj", "{C5A1FC1B-139E-41D3-88B6-7027E9F3A981}"
	ProjectSection(ProjectDependencies) = postProject
		{1A53C99A-EEF6-440A-897D-72C4081C67DD} = {1A53C99A-EEF6-440A-897D-72C4081C67DD}
	EndProjectSection
EndProject
Project("{FAE04EC0-301F-11D3-BF4B-00C04F79EFBC}") = "CargoForYou.Entities", "..\CargoForYou.Entities\CargoForYou.Entities.csproj", "{1A53C99A-EEF6-440A-897D-72C4081C67DD}"
EndProject
Project("{FAE04EC0-301F-11D3-BF4B-00C04F79EFBC}") = "CargoForYou.Services", "..\CargoForYou.Services\CargoForYou.Services.csproj", "{0EE2063D-EBC6-454B-9FBF-26D70F1D77F7}"
	ProjectSection(ProjectDependencies) = postProject
		{C5A1FC1B-139E-41D3-88B6-7027E9F3A981} = {C5A1FC1B-139E-41D3-88B6-7027E9F3A981}
		{1A53C99A-EEF6-440A-897D-72C4081C67DD} = {1A53C99A-EEF6-440A-897D-72C4081C67DD}
	EndProjectSection
EndProject
Global
	GlobalSection(SolutionConfigurationPlatforms) = preSolution
		Debug|Any CPU = Debug|Any CPU
		Release|Any CPU = Release|Any CPU
	EndGlobalSection
	GlobalSection(ProjectConfigurationPlatforms) = postSolution
		{6269E7FA-4421-4045-8AEA-4AC2808D7908}.Debug|Any CPU.ActiveCfg = Debug|Any CPU
		{6269E7FA-4421-4045-8AEA-4AC2808D7908}.Debug|Any CPU.Build.0 = Debug|Any CPU
		{6269E7FA-4421-4045-8AEA-4AC2808D7908}.Release|Any CPU.ActiveCfg = Release|Any CPU
		{6269E7FA-4421-4045-8AEA-4AC2808D7908}.Release|Any CPU.Build.0 = Release|Any CPU
		{C5A1FC1B-139E-41D3-88B6-7027E9F3A981}.Debug|Any CPU.ActiveCfg = Debug|Any CPU
		{C5A1FC1B-139E-41D3-88B6-7027E9F3A981}.Debug|Any CPU.Build.0 = Debug|Any CPU
		{C5A1FC1B-139E-41D3-88B6-7027E9F3A981}.Release|Any CPU.ActiveCfg = Release|Any CPU
		{C5A1FC1B-139E-41D3-88B6-7027E9F3A981}.Release|Any CPU.Build.0 = Release|Any CPU
		{1A53C99A-EEF6-440A-897D-72C4081C67DD}.Debug|Any CPU.ActiveCfg = Debug|Any CPU
		{1A53C99A-EEF6-440A-897D-72C4081C67DD}.Debug|Any CPU.Build.0 = Debug|Any CPU
		{1A53C99A-EEF6-440A-897D-72C4081C67DD}.Release|Any CPU.ActiveCfg = Release|Any CPU
		{1A53C99A-EEF6-440A-897D-72C4081C67DD}.Release|Any CPU.Build.0 = Release|Any CPU
		{0EE2063D-EBC6-454B-9FBF-26D70F1D77F7}.Debug|Any CPU.ActiveCfg = Debug|Any CPU
		{0EE2063D-EBC6-454B-9FBF-26D70F1D77F7}.Debug|Any CPU.Build.0 = Debug|Any CPU
		{0EE2063D-EBC6-454B-9FBF-26D70F1D77F7}.Release|Any CPU.ActiveCfg = Release|Any CPU
		{0EE2063D-EBC6-454B-9FBF-26D70F1D77F7}.Release|Any CPU.Build.0 = Release|Any CPU
	EndGlobalSection
	GlobalSection(SolutionProperties) = preSolution
		HideSolutionNode = FALSE
	EndGlobalSection
	GlobalSection(ExtensibilityGlobals) = postSolution
		SolutionGuid = {A40F347B-402D-4B13-B182-92D7235D802D}
	EndGlobalSection
EndGlobal
